
Microsoft Visual Studio Solution File, Format Version 12.00
# Visual Studio Version 16
VisualStudioVersion = 16.0.810.14
MinimumVisualStudioVersion = 10.0.40219.1
Project("{FAE04EC0-301F-11D3-BF4B-00C04F79EFBC}") = "KeyVaultMiddleware", "KeyVaultMiddleware\KeyVaultMiddleware.csproj", "{F0BB3849-9781-433A-9A8A-8C3AF4049A77}"
EndProject
Global
	GlobalSection(SolutionConfigurationPlatforms) = preSolution
		Debug|Any CPU = Debug|Any CPU
		Release|Any CPU = Release|Any CPU
	EndGlobalSection
	GlobalSection(ProjectConfigurationPlatforms) = postSolution
		{F0BB3849-9781-433A-9A8A-8C3AF4049A77}.Debug|Any CPU.ActiveCfg = Debug|Any CPU
		{F0BB3849-9781-433A-9A8A-8C3AF4049A77}.Debug|Any CPU.Build.0 = Debug|Any CPU
		{F0BB3849-9781-433A-9A8A-8C3AF4049A77}.Release|Any CPU.ActiveCfg = Release|Any CPU
		{F0BB3849-9781-433A-9A8A-8C3AF4049A77}.Release|Any CPU.Build.0 = Release|Any CPU
	EndGlobalSection
	GlobalSection(SolutionProperties) = preSolution
		HideSolutionNode = FALSE
	EndGlobalSection
	GlobalSection(ExtensibilityGlobals) = postSolution
		SolutionGuid = {E3015C03-3828-4CB9-9CF0-9266A4E440D5}
	EndGlobalSection
EndGlobal
